
Microsoft Visual Studio Solution File, Format Version 12.00
# Visual Studio 15
VisualStudioVersion = 15.0.28010.0
MinimumVisualStudioVersion = 10.0.40219.1
Project("{9A19103F-16F7-4668-BE54-9A1E7A4F7556}") = "epm-api", "epm-api\epm-api.csproj", "{B4FD3B88-3DFC-480F-ADA3-0EB6469E7A69}"
EndProject
Global
	GlobalSection(SolutionConfigurationPlatforms) = preSolution
		Debug|Any CPU = Debug|Any CPU
		Development|Any CPU = Development|Any CPU
		Release|Any CPU = Release|Any CPU
	EndGlobalSection
	GlobalSection(ProjectConfigurationPlatforms) = postSolution
		{B4FD3B88-3DFC-480F-ADA3-0EB6469E7A69}.Debug|Any CPU.ActiveCfg = Debug|Any CPU
		{B4FD3B88-3DFC-480F-ADA3-0EB6469E7A69}.Debug|Any CPU.Build.0 = Debug|Any CPU
		{B4FD3B88-3DFC-480F-ADA3-0EB6469E7A69}.Development|Any CPU.ActiveCfg = Development|Any CPU
		{B4FD3B88-3DFC-480F-ADA3-0EB6469E7A69}.Development|Any CPU.Build.0 = Development|Any CPU
		{B4FD3B88-3DFC-480F-ADA3-0EB6469E7A69}.Release|Any CPU.ActiveCfg = Release|Any CPU
		{B4FD3B88-3DFC-480F-ADA3-0EB6469E7A69}.Release|Any CPU.Build.0 = Release|Any CPU
	EndGlobalSection
	GlobalSection(SolutionProperties) = preSolution
		HideSolutionNode = FALSE
	EndGlobalSection
	GlobalSection(ExtensibilityGlobals) = postSolution
		SolutionGuid = {A27940DC-B400-475E-8B2C-3FFFEB59AFA4}
	EndGlobalSection
EndGlobal
